{
  "name": "semantic-custom-theme",
  "version": "0.1.0",
  "lockfileVersion": 1,
  "requires": true,
  "dependencies": {
    "find": {
      "version": "0.1.7",
      "resolved": "https://registry.npmjs.org/find/-/find-0.1.7.tgz",
      "integrity": "sha1-yGyHrxqxjyIrvjjeyGy8dg0Wpvs=",
      "dev": true,
      "requires": {
        "traverse-chain": "0.1.0"
      }
    },
    "find-in-files": {
      "version": "0.4.0",
      "resolved": "https://registry.npmjs.org/find-in-files/-/find-in-files-0.4.0.tgz",
      "integrity": "sha1-nNS2ejRZxUOB9Wzi8daTFq17sBE=",
      "dev": true,
      "requires": {
        "find": "0.1.7",
        "q": "1.5.1"
      }
    },
    "jquery": {
      "version": "3.3.1",
      "resolved": "https://registry.npmjs.org/jquery/-/jquery-3.3.1.tgz",
      "integrity": "sha512-Ubldcmxp5np52/ENotGxlLe6aGMvmF4R8S6tZjsP6Knsaxd/xp3Zrh50cG93lR6nPXyUFwzN3ZSOQI0wRJNdGg==",
      "dev": true
    },
    "ncp": {
      "version": "2.0.0",
      "resolved": "https://registry.npmjs.org/ncp/-/ncp-2.0.0.tgz",
      "integrity": "sha1-GVoh1sRuNh0vsSgbo4uR6d9727M=",
      "dev": true
    },
    "q": {
      "version": "1.5.1",
      "resolved": "https://registry.npmjs.org/q/-/q-1.5.1.tgz",
      "integrity": "sha1-fjL3W0E4EpHQRhHxvxQQmsAGUdc=",
      "dev": true
    },
    "semantic-ui-less": {
      "version": "2.2.14",
      "resolved": "https://registry.npmjs.org/semantic-ui-less/-/semantic-ui-less-2.2.14.tgz",
      "integrity": "sha512-JLkTqjOtct+OwM/JRv0SH76gCC0eE98xp5G4D29e9VbJ66QjWD3nB3waB7drpaMUFXo/YbKcyNOJBgMamcJI0Q==",
      "dev": true,
      "requires": {
        "jquery": "3.3.1"
      }
    },
    "traverse-chain": {
      "version": "0.1.0",
      "resolved": "https://registry.npmjs.org/traverse-chain/-/traverse-chain-0.1.0.tgz",
      "integrity": "sha1-YdvC1Ttp/2CRoSoWj9fUMxB+QPE=",
      "dev": true
    }
  }
}
